// !$*UTF8*$!
{
	archiveVersion = 1;
	classes = {
	};
	objectVersion = 46;
	objects = {

/* Begin PBXBuildFile section */
		0747FBF61D113B4200F203E9 /* main.m in Sources */ = {isa = PBXBuildFile; fileRef = 0747FBF51D113B4200F203E9 /* main.m */; };
		0747FBF91D113B4200F203E9 /* AppDelegate.m in Sources */ = {isa = PBXBuildFile; fileRef = 0747FBF81D113B4200F203E9 /* AppDelegate.m */; };
		0747FBFC1D113B4200F203E9 /* ViewController.m in Sources */ = {isa = PBXBuildFile; fileRef = 0747FBFB1D113B4200F203E9 /* ViewController.m */; };
		0747FBFF1D113B4200F203E9 /* Main.storyboard in Resources */ = {isa = PBXBuildFile; fileRef = 0747FBFD1D113B4200F203E9 /* Main.storyboard */; };
		0747FC011D113B4200F203E9 /* Assets.xcassets in Resources */ = {isa = PBXBuildFile; fileRef = 0747FC001D113B4200F203E9 /* Assets.xcassets */; };
		0747FC041D113B4200F203E9 /* LaunchScreen.storyboard in Resources */ = {isa = PBXBuildFile; fileRef = 0747FC021D113B4200F203E9 /* LaunchScreen.storyboard */; };
		0747FC0E1D11464800F203E9 /* 386515.jpg in Resources */ = {isa = PBXBuildFile; fileRef = 0747FC0D1D11464800F203E9 /* 386515.jpg */; };
		0747FC111D11565600F203E9 /* CustomTableViewController.m in Sources */ = {isa = PBXBuildFile; fileRef = 0747FC101D11565600F203E9 /* CustomTableViewController.m */; };
/* End PBXBuildFile section */

/* Begin PBXFileReference section */
		0747FBF11D113B4200F203E9 /* 顶部图片放大效果.app */ = {isa = PBXFileReference; explicitFileType = wrapper.application; includeInIndex = 0; path = "顶部图片放大效果.app"; sourceTree = BUILT_PRODUCTS_DIR; };
		0747FBF51D113B4200F203E9 /* main.m */ = {isa = PBXFileReference; lastKnownFileType = sourcecode.c.objc; path = main.m; sourceTree = "<group>"; };
		0747FBF71D113B4200F203E9 /* AppDelegate.h */ = {isa = PBXFileReference; lastKnownFileType = sourcecode.c.h; path = AppDelegate.h; sourceTree = "<group>"; };
		0747FBF81D113B4200F203E9 /* AppDelegate.m */ = {isa = PBXFileReference; lastKnownFileType = sourcecode.c.objc; path = AppDelegate.m; sourceTree = "<group>"; };
		0747FBFA1D113B4200F203E9 /* ViewController.h */ = {isa = PBXFileReference; lastKnownFileType = sourcecode.c.h; path = ViewController.h; sourceTree = "<group>"; };
		0747FBFB1D113B4200F203E9 /* ViewController.m */ = {isa = PBXFileReference; lastKnownFileType = sourcecode.c.objc; path = ViewController.m; sourceTree = "<group>"; };
		0747FBFE1D113B4200F203E9 /* Base */ = {isa = PBXFileReference; lastKnownFileType = file.storyboard; name = Base; path = Base.lproj/Main.storyboard; sourceTree = "<group>"; };
		0747FC001D113B4200F203E9 /* Assets.xcassets */ = {isa = PBXFileReference; lastKnownFileType = folder.assetcatalog; path = Assets.xcassets; sourceTree = "<group>"; };
		0747FC031D113B4200F203E9 /* Base */ = {isa = PBXFileReference; lastKnownFileType = file.storyboard; name = Base; path = Base.lproj/LaunchScreen.storyboard; sourceTree = "<group>"; };
		0747FC051D113B4200F203E9 /* Info.plist */ = {isa = PBXFileReference; lastKnownFileType = text.plist.xml; path = Info.plist; sourceTree = "<group>"; };
		0747FC0D1D11464800F203E9 /* 386515.jpg */ = {isa = PBXFileReference; lastKnownFileType = image.jpeg; path = 386515.jpg; sourceTree = "<group>"; };
		0747FC0F1D11565600F203E9 /* CustomTableViewController.h */ = {isa = PBXFileReference; fileEncoding = 4; lastKnownFileType = sourcecode.c.h; path = CustomTableViewController.h; sourceTree = "<group>"; };
		0747FC101D11565600F203E9 /* CustomTableViewController.m */ = {isa = PBXFileReference; fileEncoding = 4; lastKnownFileType = sourcecode.c.objc; path = CustomTableViewController.m; sourceTree = "<group>"; };
/* End PBXFileReference section */

/* Begin PBXFrameworksBuildPhase section */
		0747FBEE1D113B4200F203E9 /* Frameworks */ = {
			isa = PBXFrameworksBuildPhase;
			buildActionMask = 2147483647;
			files = (
			);
			runOnlyForDeploymentPostprocessing = 0;
		};
/* End PBXFrameworksBuildPhase section */

/* Begin PBXGroup section */
		0747FBE81D113B4200F203E9 = {
			isa = PBXGroup;
			children = (
				0747FBF31D113B4200F203E9 /* 顶部图片放大效果 */,
				0747FBF21D113B4200F203E9 /* Products */,
			);
			sourceTree = "<group>";
		};
		0747FBF21D113B4200F203E9 /* Products */ = {
			isa = PBXGroup;
			children = (
				0747FBF11D113B4200F203E9 /* 顶部图片放大效果.app */,
			);
			name = Products;
			sourceTree = "<group>";
		};
		0747FBF31D113B4200F203E9 /* 顶部图片放大效果 */ = {
			isa = PBXGroup;
			children = (
				0747FC0D1D11464800F203E9 /* 386515.jpg */,
				0747FBF71D113B4200F203E9 /* AppDelegate.h */,
				0747FBF81D113B4200F203E9 /* AppDelegate.m */,
				0747FBFA1D113B4200F203E9 /* ViewController.h */,
				0747FBFB1D113B4200F203E9 /* ViewController.m */,
				0747FBFD1D113B4200F203E9 /* Main.storyboard */,
				0747FC001D113B4200F203E9 /* Assets.xcassets */,
				0747FC021D113B4200F203E9 /* LaunchScreen.storyboard */,
				0747FC051D113B4200F203E9 /* Info.plist */,
				0747FBF41D113B4200F203E9 /* Supporting Files */,
				0747FC0F1D11565600F203E9 /* CustomTableViewController.h */,
				0747FC101D11565600F203E9 /* CustomTableViewController.m */,
			);
			path = "顶部图片放大效果";
			sourceTree = "<group>";
		};
		0747FBF41D113B4200F203E9 /* Supporting Files */ = {
			isa = PBXGroup;
			children = (
				0747FBF51D113B4200F203E9 /* main.m */,
			);
			name = "Supporting Files";
			sourceTree = "<group>";
		};
/* End PBXGroup section */

/* Begin PBXNativeTarget section */
		0747FBF01D113B4200F203E9 /* 顶部图片放大效果 */ = {
			isa = PBXNativeTarget;
			buildConfigurationList = 0747FC081D113B4200F203E9 /* Build configuration list for PBXNativeTarget "顶部图片放大效果" */;
			buildPhases = (
				0747FBED1D113B4200F203E9 /* Sources */,
				0747FBEE1D113B4200F203E9 /* Frameworks */,
				0747FBEF1D113B4200F203E9 /* Resources */,
			);
			buildRules = (
			);
			dependencies = (
			);
			name = "顶部图片放大效果";
			productName = "顶部图片放大效果";
			productReference = 0747FBF11D113B4200F203E9 /* 顶部图片放大效果.app */;
			productType = "com.apple.product-type.application";
		};
/* End PBXNativeTarget section */

/* Begin PBXProject section */
		0747FBE91D113B4200F203E9 /* Project object */ = {
			isa = PBXProject;
			attributes = {
				LastUpgradeCheck = 0730;
				ORGANIZATIONNAME = cocoabanana;
				TargetAttributes = {
					0747FBF01D113B4200F203E9 = {
						CreatedOnToolsVersion = 7.3.1;
					};
				};
			};
			buildConfigurationList = 0747FBEC1D113B4200F203E9 /* Build configuration list for PBXProject "顶部图片放大效果" */;
			compatibilityVersion = "Xcode 3.2";
			developmentRegion = English;
			hasScannedForEncodings = 0;
			knownRegions = (
				en,
				Base,
			);
			mainGroup = 0747FBE81D113B4200F203E9;
			productRefGroup = 0747FBF21D113B4200F203E9 /* Products */;
			projectDirPath = "";
			projectRoot = "";
			targets = (
				0747FBF01D113B4200F203E9 /* 顶部图片放大效果 */,
			);
		};
/* End PBXProject section */

/* Begin PBXResourcesBuildPhase section */
		0747FBEF1D113B4200F203E9 /* Resources */ = {
			isa = PBXResourcesBuildPhase;
			buildActionMask = 2147483647;
			files = (
				0747FC041D113B4200F203E9 /* LaunchScreen.storyboard in Resources */,
				0747FC0E1D11464800F203E9 /* 386515.jpg in Resources */,
				0747FC011D113B4200F203E9 /* Assets.xcassets in Resources */,
				0747FBFF1D113B4200F203E9 /* Main.storyboard in Resources */,
			);
			runOnlyForDeploymentPostprocessing = 0;
		};
/* End PBXResourcesBuildPhase section */

/* Begin PBXSourcesBuildPhase section */
		0747FBED1D113B4200F203E9 /* Sources */ = {
			isa = PBXSourcesBuildPhase;
			buildActionMask = 2147483647;
			files = (
				0747FC111D11565600F203E9 /* CustomTableViewController.m in Sources */,
				0747FBFC1D113B4200F203E9 /* ViewController.m in Sources */,
				0747FBF91D113B4200F203E9 /* AppDelegate.m in Sources */,
				0747FBF61D113B4200F203E9 /* main.m in Sources */,
			);
			runOnlyForDeploymentPostprocessing = 0;
		};
/* End PBXSourcesBuildPhase section */

/* Begin PBXVariantGroup section */
		0747FBFD1D113B4200F203E9 /* Main.storyboard */ = {
			isa = PBXVariantGroup;
			children = (
				0747FBFE1D113B4200F203E9 /* Base */,
			);
			name = Main.storyboard;
			sourceTree = "<group>";
		};
		0747FC021D113B4200F203E9 /* LaunchScreen.storyboard */ = {
			isa = PBXVariantGroup;
			children = (
				0747FC031D113B4200F203E9 /* Base */,
			);
			name = LaunchScreen.storyboard;
			sourceTree = "<group>";
		};
/* End PBXVariantGroup section */

/* Begin XCBuildConfiguration section */
		0747FC061D113B4200F203E9 /* Debug */ = {
			isa = XCBuildConfiguration;
			buildSettings = {
				ALWAYS_SEARCH_USER_PATHS = NO;
				CLANG_ANALYZER_NONNULL = YES;
				CLANG_CXX_LANGUAGE_STANDARD = "gnu++0x";
				CLANG_CXX_LIBRARY = "libc++";
				CLANG_ENABLE_MODULES = YES;
				CLANG_ENABLE_OBJC_ARC = YES;
				CLANG_WARN_BOOL_CONVERSION = YES;
				CLANG_WARN_CONSTANT_CONVERSION = YES;
				CLANG_WARN_DIRECT_OBJC_ISA_USAGE = YES_ERROR;
				CLANG_WARN_EMPTY_BODY = YES;
				CLANG_WARN_ENUM_CONVERSION = YES;
				CLANG_WARN_INT_CONVERSION = YES;
				CLANG_WARN_OBJC_ROOT_CLASS = YES_ERROR;
				CLANG_WARN_UNREACHABLE_CODE = YES;
				CLANG_WARN__DUPLICATE_METHOD_MATCH = YES;
				"CODE_SIGN_IDENTITY[sdk=iphoneos*]" = "iPhone Developer";
				COPY_PHASE_STRIP = NO;
				DEBUG_INFORMATION_FORMAT = dwarf;
				ENABLE_STRICT_OBJC_MSGSEND = YES;
				ENABLE_TESTABILITY = YES;
				GCC_C_LANGUAGE_STANDARD = gnu99;
				GCC_DYNAMIC_NO_PIC = NO;
				GCC_NO_COMMON_BLOCKS = YES;
				GCC_OPTIMIZATION_LEVEL = 0;
				GCC_PREPROCESSOR_DEFINITIONS = (
					"DEBUG=1",
					"$(inherited)",
				);
				GCC_WARN_64_TO_32_BIT_CONVERSION = YES;
				GCC_WARN_ABOUT_RETURN_TYPE = YES_ERROR;
				GCC_WARN_UNDECLARED_SELECTOR = YES;
				GCC_WARN_UNINITIALIZED_AUTOS = YES_AGGRESSIVE;
				GCC_WARN_UNUSED_FUNCTION = YES;
				GCC_WARN_UNUSED_VARIABLE = YES;
				IPHONEOS_DEPLOYMENT_TARGET = 9.3;
				MTL_ENABLE_DEBUG_INFO = YES;
				ONLY_ACTIVE_ARCH = YES;
				SDKROOT = iphoneos;
			};
			name = Debug;
		};
		0747FC071D113B4200F203E9 /* Release */ = {
			isa = XCBuildConfiguration;
			buildSettings = {
				ALWAYS_SEARCH_USER_PATHS = NO;
				CLANG_ANALYZER_NONNULL = YES;
				CLANG_CXX_LANGUAGE_STANDARD = "gnu++0x";
				CLANG_CXX_LIBRARY = "libc++";
				CLANG_ENABLE_MODULES = YES;
				CLANG_ENABLE_OBJC_ARC = YES;
				CLANG_WARN_BOOL_CONVERSION = YES;
				CLANG_WARN_CONSTANT_CONVERSION = YES;
				CLANG_WARN_DIRECT_OBJC_ISA_USAGE = YES_ERROR;
				CLANG_WARN_EMPTY_BODY = YES;
				CLANG_WARN_ENUM_CONVERSION = YES;
				CLANG_WARN_INT_CONVERSION = YES;
				CLANG_WARN_OBJC_ROOT_CLASS = YES_ERROR;
				CLANG_WARN_UNREACHABLE_CODE = YES;
				CLANG_WARN__DUPLICATE_METHOD_MATCH = YES;
				"CODE_SIGN_IDENTITY[sdk=iphoneos*]" = "iPhone Developer";
				COPY_PHASE_STRIP = NO;
				DEBUG_INFORMATION_FORMAT = "dwarf-with-dsym";
				ENABLE_NS_ASSERTIONS = NO;
				ENABLE_STRICT_OBJC_MSGSEND = YES;
				GCC_C_LANGUAGE_STANDARD = gnu99;
				GCC_NO_COMMON_BLOCKS = YES;
				GCC_WARN_64_TO_32_BIT_CONVERSION = YES;
				GCC_WARN_ABOUT_RETURN_TYPE = YES_ERROR;
				GCC_WARN_UNDECLARED_SELECTOR = YES;
				GCC_WARN_UNINITIALIZED_AUTOS = YES_AGGRESSIVE;
				GCC_WARN_UNUSED_FUNCTION = YES;
				GCC_WARN_UNUSED_VARIABLE = YES;
				IPHONEOS_DEPLOYMENT_TARGET = 9.3;
				MTL_ENABLE_DEBUG_INFO = NO;
				SDKROOT = iphoneos;
				VALIDATE_PRODUCT = YES;
			};
			name = Release;
		};
		0747FC091D113B4200F203E9 /* Debug */ = {
			isa = XCBuildConfiguration;
			buildSettings = {
				ASSETCATALOG_COMPILER_APPICON_NAME = AppIcon;
				INFOPLIST_FILE = "顶部图片放大效果/Info.plist";
				LD_RUNPATH_SEARCH_PATHS = "$(inherited) @executable_path/Frameworks";
				PRODUCT_BUNDLE_IDENTIFIER = "cn.ZPH.--------";
				PRODUCT_NAME = "$(TARGET_NAME)";
			};
			name = Debug;
		};
		0747FC0A1D113B4200F203E9 /* Release */ = {
			isa = XCBuildConfiguration;
			buildSettings = {
				ASSETCATALOG_COMPILER_APPICON_NAME = AppIcon;
				INFOPLIST_FILE = "顶部图片放大效果/Info.plist";
				LD_RUNPATH_SEARCH_PATHS = "$(inherited) @executable_path/Frameworks";
				PRODUCT_BUNDLE_IDENTIFIER = "cn.ZPH.--------";
				PRODUCT_NAME = "$(TARGET_NAME)";
			};
			name = Release;
		};
/* End XCBuildConfiguration section */

/* Begin XCConfigurationList section */
		0747FBEC1D113B4200F203E9 /* Build configuration list for PBXProject "顶部图片放大效果" */ = {
			isa = XCConfigurationList;
			buildConfigurations = (
				0747FC061D113B4200F203E9 /* Debug */,
				0747FC071D113B4200F203E9 /* Release */,
			);
			defaultConfigurationIsVisible = 0;
			defaultConfigurationName = Release;
		};
		0747FC081D113B4200F203E9 /* Build configuration list for PBXNativeTarget "顶部图片放大效果" */ = {
			isa = XCConfigurationList;
			buildConfigurations = (
				0747FC091D113B4200F203E9 /* Debug */,
				0747FC0A1D113B4200F203E9 /* Release */,
			);
			defaultConfigurationIsVisible = 0;
		};
/* End XCConfigurationList section */
	};
	rootObject = 0747FBE91D113B4200F203E9 /* Project object */;
}
